
Microsoft Visual Studio Solution File, Format Version 12.00
Project("{FAE04EC0-301F-11D3-BF4B-00C04F79EFBC}") = "SmsMail_SendHair", "SmsMail_SendHair\SmsMail_SendHair.csproj", "{95219231-7E1E-4C45-B3E6-E6C6F60A6DDF}"
EndProject
Global
	GlobalSection(SolutionConfigurationPlatforms) = preSolution
		Debug|Any CPU = Debug|Any CPU
		Release|Any CPU = Release|Any CPU
	EndGlobalSection
	GlobalSection(ProjectConfigurationPlatforms) = postSolution
		{95219231-7E1E-4C45-B3E6-E6C6F60A6DDF}.Debug|Any CPU.ActiveCfg = Debug|Any CPU
		{95219231-7E1E-4C45-B3E6-E6C6F60A6DDF}.Debug|Any CPU.Build.0 = Debug|Any CPU
		{95219231-7E1E-4C45-B3E6-E6C6F60A6DDF}.Release|Any CPU.ActiveCfg = Release|Any CPU
		{95219231-7E1E-4C45-B3E6-E6C6F60A6DDF}.Release|Any CPU.Build.0 = Release|Any CPU
	EndGlobalSection
EndGlobal
